// !$*UTF8*$!
{
	archiveVersion = 1;
	classes = {
	};
	objectVersion = 46;
	objects = {

/* Begin PBXBuildFile section */
		4A76F7AB1CF8669E00977837 /* AppDelegate.swift in Sources */ = {isa = PBXBuildFile; fileRef = 4A76F7AA1CF8669E00977837 /* AppDelegate.swift */; };
		4A76F7AD1CF8669E00977837 /* ViewController.swift in Sources */ = {isa = PBXBuildFile; fileRef = 4A76F7AC1CF8669E00977837 /* ViewController.swift */; };
		4A76F7B01CF8669E00977837 /* Main.storyboard in Resources */ = {isa = PBXBuildFile; fileRef = 4A76F7AE1CF8669E00977837 /* Main.storyboard */; };
		4A76F7B21CF8669E00977837 /* Assets.xcassets in Resources */ = {isa = PBXBuildFile; fileRef = 4A76F7B11CF8669E00977837 /* Assets.xcassets */; };
		4A76F7B51CF8669E00977837 /* LaunchScreen.storyboard in Resources */ = {isa = PBXBuildFile; fileRef = 4A76F7B31CF8669E00977837 /* LaunchScreen.storyboard */; };
		4A76F7C01CF8669E00977837 /* AVCustomPickerViewFrameworkTests.swift in Sources */ = {isa = PBXBuildFile; fileRef = 4A76F7BF1CF8669E00977837 /* AVCustomPickerViewFrameworkTests.swift */; };
		4A76F7CB1CF8669E00977837 /* AVCustomPickerViewFrameworkUITests.swift in Sources */ = {isa = PBXBuildFile; fileRef = 4A76F7CA1CF8669E00977837 /* AVCustomPickerViewFrameworkUITests.swift */; };
		4A76F7DD1CF8825300977837 /* PopUpPickerView.swift in Sources */ = {isa = PBXBuildFile; fileRef = 4A76F7DC1CF8825300977837 /* PopUpPickerView.swift */; };
/* End PBXBuildFile section */

/* Begin PBXContainerItemProxy section */
		4A76F7BC1CF8669E00977837 /* PBXContainerItemProxy */ = {
			isa = PBXContainerItemProxy;
			containerPortal = 4A76F79F1CF8669E00977837 /* Project object */;
			proxyType = 1;
			remoteGlobalIDString = 4A76F7A61CF8669E00977837;
			remoteInfo = AVCustomPickerViewFramework;
		};
		4A76F7C71CF8669E00977837 /* PBXContainerItemProxy */ = {
			isa = PBXContainerItemProxy;
			containerPortal = 4A76F79F1CF8669E00977837 /* Project object */;
			proxyType = 1;
			remoteGlobalIDString = 4A76F7A61CF8669E00977837;
			remoteInfo = AVCustomPickerViewFramework;
		};
/* End PBXContainerItemProxy section */

/* Begin PBXFileReference section */
		4A76F7A71CF8669E00977837 /* AVCustomPickerViewFramework.app */ = {isa = PBXFileReference; explicitFileType = wrapper.application; includeInIndex = 0; path = AVCustomPickerViewFramework.app; sourceTree = BUILT_PRODUCTS_DIR; };
		4A76F7AA1CF8669E00977837 /* AppDelegate.swift */ = {isa = PBXFileReference; lastKnownFileType = sourcecode.swift; path = AppDelegate.swift; sourceTree = "<group>"; };
		4A76F7AC1CF8669E00977837 /* ViewController.swift */ = {isa = PBXFileReference; lastKnownFileType = sourcecode.swift; path = ViewController.swift; sourceTree = "<group>"; };
		4A76F7AF1CF8669E00977837 /* Base */ = {isa = PBXFileReference; lastKnownFileType = file.storyboard; name = Base; path = Base.lproj/Main.storyboard; sourceTree = "<group>"; };
		4A76F7B11CF8669E00977837 /* Assets.xcassets */ = {isa = PBXFileReference; lastKnownFileType = folder.assetcatalog; path = Assets.xcassets; sourceTree = "<group>"; };
		4A76F7B41CF8669E00977837 /* Base */ = {isa = PBXFileReference; lastKnownFileType = file.storyboard; name = Base; path = Base.lproj/LaunchScreen.storyboard; sourceTree = "<group>"; };
		4A76F7B61CF8669E00977837 /* Info.plist */ = {isa = PBXFileReference; lastKnownFileType = text.plist.xml; path = Info.plist; sourceTree = "<group>"; };
		4A76F7BB1CF8669E00977837 /* AVCustomPickerViewFrameworkTests.xctest */ = {isa = PBXFileReference; explicitFileType = wrapper.cfbundle; includeInIndex = 0; path = AVCustomPickerViewFrameworkTests.xctest; sourceTree = BUILT_PRODUCTS_DIR; };
		4A76F7BF1CF8669E00977837 /* AVCustomPickerViewFrameworkTests.swift */ = {isa = PBXFileReference; lastKnownFileType = sourcecode.swift; path = AVCustomPickerViewFrameworkTests.swift; sourceTree = "<group>"; };
		4A76F7C11CF8669E00977837 /* Info.plist */ = {isa = PBXFileReference; lastKnownFileType = text.plist.xml; path = Info.plist; sourceTree = "<group>"; };
		4A76F7C61CF8669E00977837 /* AVCustomPickerViewFrameworkUITests.xctest */ = {isa = PBXFileReference; explicitFileType = wrapper.cfbundle; includeInIndex = 0; path = AVCustomPickerViewFrameworkUITests.xctest; sourceTree = BUILT_PRODUCTS_DIR; };
		4A76F7CA1CF8669E00977837 /* AVCustomPickerViewFrameworkUITests.swift */ = {isa = PBXFileReference; lastKnownFileType = sourcecode.swift; path = AVCustomPickerViewFrameworkUITests.swift; sourceTree = "<group>"; };
		4A76F7CC1CF8669E00977837 /* Info.plist */ = {isa = PBXFileReference; lastKnownFileType = text.plist.xml; path = Info.plist; sourceTree = "<group>"; };
		4A76F7DC1CF8825300977837 /* PopUpPickerView.swift */ = {isa = PBXFileReference; fileEncoding = 4; lastKnownFileType = sourcecode.swift; path = PopUpPickerView.swift; sourceTree = "<group>"; };
/* End PBXFileReference section */

/* Begin PBXFrameworksBuildPhase section */
		4A76F7A41CF8669E00977837 /* Frameworks */ = {
			isa = PBXFrameworksBuildPhase;
			buildActionMask = 2147483647;
			files = (
			);
			runOnlyForDeploymentPostprocessing = 0;
		};
		4A76F7B81CF8669E00977837 /* Frameworks */ = {
			isa = PBXFrameworksBuildPhase;
			buildActionMask = 2147483647;
			files = (
			);
			runOnlyForDeploymentPostprocessing = 0;
		};
		4A76F7C31CF8669E00977837 /* Frameworks */ = {
			isa = PBXFrameworksBuildPhase;
			buildActionMask = 2147483647;
			files = (
			);
			runOnlyForDeploymentPostprocessing = 0;
		};
/* End PBXFrameworksBuildPhase section */

/* Begin PBXGroup section */
		4A76F79E1CF8669E00977837 = {
			isa = PBXGroup;
			children = (
				4A76F7A91CF8669E00977837 /* AVCustomPickerViewFramework */,
				4A76F7BE1CF8669E00977837 /* AVCustomPickerViewFrameworkTests */,
				4A76F7C91CF8669E00977837 /* AVCustomPickerViewFrameworkUITests */,
				4A76F7A81CF8669E00977837 /* Products */,
			);
			sourceTree = "<group>";
		};
		4A76F7A81CF8669E00977837 /* Products */ = {
			isa = PBXGroup;
			children = (
				4A76F7A71CF8669E00977837 /* AVCustomPickerViewFramework.app */,
				4A76F7BB1CF8669E00977837 /* AVCustomPickerViewFrameworkTests.xctest */,
				4A76F7C61CF8669E00977837 /* AVCustomPickerViewFrameworkUITests.xctest */,
			);
			name = Products;
			sourceTree = "<group>";
		};
		4A76F7A91CF8669E00977837 /* AVCustomPickerViewFramework */ = {
			isa = PBXGroup;
			children = (
				4A76F7DC1CF8825300977837 /* PopUpPickerView.swift */,
				4A76F7AA1CF8669E00977837 /* AppDelegate.swift */,
				4A76F7AC1CF8669E00977837 /* ViewController.swift */,
				4A76F7AE1CF8669E00977837 /* Main.storyboard */,
				4A76F7B11CF8669E00977837 /* Assets.xcassets */,
				4A76F7B31CF8669E00977837 /* LaunchScreen.storyboard */,
				4A76F7B61CF8669E00977837 /* Info.plist */,
			);
			path = AVCustomPickerViewFramework;
			sourceTree = "<group>";
		};
		4A76F7BE1CF8669E00977837 /* AVCustomPickerViewFrameworkTests */ = {
			isa = PBXGroup;
			children = (
				4A76F7BF1CF8669E00977837 /* AVCustomPickerViewFrameworkTests.swift */,
				4A76F7C11CF8669E00977837 /* Info.plist */,
			);
			path = AVCustomPickerViewFrameworkTests;
			sourceTree = "<group>";
		};
		4A76F7C91CF8669E00977837 /* AVCustomPickerViewFrameworkUITests */ = {
			isa = PBXGroup;
			children = (
				4A76F7CA1CF8669E00977837 /* AVCustomPickerViewFrameworkUITests.swift */,
				4A76F7CC1CF8669E00977837 /* Info.plist */,
			);
			path = AVCustomPickerViewFrameworkUITests;
			sourceTree = "<group>";
		};
/* End PBXGroup section */

/* Begin PBXNativeTarget section */
		4A76F7A61CF8669E00977837 /* AVCustomPickerViewFramework */ = {
			isa = PBXNativeTarget;
			buildConfigurationList = 4A76F7CF1CF8669E00977837 /* Build configuration list for PBXNativeTarget "AVCustomPickerViewFramework" */;
			buildPhases = (
				4A76F7A31CF8669E00977837 /* Sources */,
				4A76F7A41CF8669E00977837 /* Frameworks */,
				4A76F7A51CF8669E00977837 /* Resources */,
			);
			buildRules = (
			);
			dependencies = (
			);
			name = AVCustomPickerViewFramework;
			productName = AVCustomPickerViewFramework;
			productReference = 4A76F7A71CF8669E00977837 /* AVCustomPickerViewFramework.app */;
			productType = "com.apple.product-type.application";
		};
		4A76F7BA1CF8669E00977837 /* AVCustomPickerViewFrameworkTests */ = {
			isa = PBXNativeTarget;
			buildConfigurationList = 4A76F7D21CF8669E00977837 /* Build configuration list for PBXNativeTarget "AVCustomPickerViewFrameworkTests" */;
			buildPhases = (
				4A76F7B71CF8669E00977837 /* Sources */,
				4A76F7B81CF8669E00977837 /* Frameworks */,
				4A76F7B91CF8669E00977837 /* Resources */,
			);
			buildRules = (
			);
			dependencies = (
				4A76F7BD1CF8669E00977837 /* PBXTargetDependency */,
			);
			name = AVCustomPickerViewFrameworkTests;
			productName = AVCustomPickerViewFrameworkTests;
			productReference = 4A76F7BB1CF8669E00977837 /* AVCustomPickerViewFrameworkTests.xctest */;
			productType = "com.apple.product-type.bundle.unit-test";
		};
		4A76F7C51CF8669E00977837 /* AVCustomPickerViewFrameworkUITests */ = {
			isa = PBXNativeTarget;
			buildConfigurationList = 4A76F7D51CF8669E00977837 /* Build configuration list for PBXNativeTarget "AVCustomPickerViewFrameworkUITests" */;
			buildPhases = (
				4A76F7C21CF8669E00977837 /* Sources */,
				4A76F7C31CF8669E00977837 /* Frameworks */,
				4A76F7C41CF8669E00977837 /* Resources */,
			);
			buildRules = (
			);
			dependencies = (
				4A76F7C81CF8669E00977837 /* PBXTargetDependency */,
			);
			name = AVCustomPickerViewFrameworkUITests;
			productName = AVCustomPickerViewFrameworkUITests;
			productReference = 4A76F7C61CF8669E00977837 /* AVCustomPickerViewFrameworkUITests.xctest */;
			productType = "com.apple.product-type.bundle.ui-testing";
		};
/* End PBXNativeTarget section */

/* Begin PBXProject section */
		4A76F79F1CF8669E00977837 /* Project object */ = {
			isa = PBXProject;
			attributes = {
				LastSwiftUpdateCheck = 0720;
				LastUpgradeCheck = 0720;
				ORGANIZATIONNAME = Harry;
				TargetAttributes = {
					4A76F7A61CF8669E00977837 = {
						CreatedOnToolsVersion = 7.2;
					};
					4A76F7BA1CF8669E00977837 = {
						CreatedOnToolsVersion = 7.2;
						TestTargetID = 4A76F7A61CF8669E00977837;
					};
					4A76F7C51CF8669E00977837 = {
						CreatedOnToolsVersion = 7.2;
						TestTargetID = 4A76F7A61CF8669E00977837;
					};
				};
			};
			buildConfigurationList = 4A76F7A21CF8669E00977837 /* Build configuration list for PBXProject "AVCustomPickerViewFramework" */;
			compatibilityVersion = "Xcode 3.2";
			developmentRegion = English;
			hasScannedForEncodings = 0;
			knownRegions = (
				en,
				Base,
			);
			mainGroup = 4A76F79E1CF8669E00977837;
			productRefGroup = 4A76F7A81CF8669E00977837 /* Products */;
			projectDirPath = "";
			projectRoot = "";
			targets = (
				4A76F7A61CF8669E00977837 /* AVCustomPickerViewFramework */,
				4A76F7BA1CF8669E00977837 /* AVCustomPickerViewFrameworkTests */,
				4A76F7C51CF8669E00977837 /* AVCustomPickerViewFrameworkUITests */,
			);
		};
/* End PBXProject section */

/* Begin PBXResourcesBuildPhase section */
		4A76F7A51CF8669E00977837 /* Resources */ = {
			isa = PBXResourcesBuildPhase;
			buildActionMask = 2147483647;
			files = (
				4A76F7B51CF8669E00977837 /* LaunchScreen.storyboard in Resources */,
				4A76F7B21CF8669E00977837 /* Assets.xcassets in Resources */,
				4A76F7B01CF8669E00977837 /* Main.storyboard in Resources */,
			);
			runOnlyForDeploymentPostprocessing = 0;
		};
		4A76F7B91CF8669E00977837 /* Resources */ = {
			isa = PBXResourcesBuildPhase;
			buildActionMask = 2147483647;
			files = (
			);
			runOnlyForDeploymentPostprocessing = 0;
		};
		4A76F7C41CF8669E00977837 /* Resources */ = {
			isa = PBXResourcesBuildPhase;
			buildActionMask = 2147483647;
			files = (
			);
			runOnlyForDeploymentPostprocessing = 0;
		};
/* End PBXResourcesBuildPhase section */

/* Begin PBXSourcesBuildPhase section */
		4A76F7A31CF8669E00977837 /* Sources */ = {
			isa = PBXSourcesBuildPhase;
			buildActionMask = 2147483647;
			files = (
				4A76F7AD1CF8669E00977837 /* ViewController.swift in Sources */,
				4A76F7AB1CF8669E00977837 /* AppDelegate.swift in Sources */,
				4A76F7DD1CF8825300977837 /* PopUpPickerView.swift in Sources */,
			);
			runOnlyForDeploymentPostprocessing = 0;
		};
		4A76F7B71CF8669E00977837 /* Sources */ = {
			isa = PBXSourcesBuildPhase;
			buildActionMask = 2147483647;
			files = (
				4A76F7C01CF8669E00977837 /* AVCustomPickerViewFrameworkTests.swift in Sources */,
			);
			runOnlyForDeploymentPostprocessing = 0;
		};
		4A76F7C21CF8669E00977837 /* Sources */ = {
			isa = PBXSourcesBuildPhase;
			buildActionMask = 2147483647;
			files = (
				4A76F7CB1CF8669E00977837 /* AVCustomPickerViewFrameworkUITests.swift in Sources */,
			);
			runOnlyForDeploymentPostprocessing = 0;
		};
/* End PBXSourcesBuildPhase section */

/* Begin PBXTargetDependency section */
		4A76F7BD1CF8669E00977837 /* PBXTargetDependency */ = {
			isa = PBXTargetDependency;
			target = 4A76F7A61CF8669E00977837 /* AVCustomPickerViewFramework */;
			targetProxy = 4A76F7BC1CF8669E00977837 /* PBXContainerItemProxy */;
		};
		4A76F7C81CF8669E00977837 /* PBXTargetDependency */ = {
			isa = PBXTargetDependency;
			target = 4A76F7A61CF8669E00977837 /* AVCustomPickerViewFramework */;
			targetProxy = 4A76F7C71CF8669E00977837 /* PBXContainerItemProxy */;
		};
/* End PBXTargetDependency section */

/* Begin PBXVariantGroup section */
		4A76F7AE1CF8669E00977837 /* Main.storyboard */ = {
			isa = PBXVariantGroup;
			children = (
				4A76F7AF1CF8669E00977837 /* Base */,
			);
			name = Main.storyboard;
			sourceTree = "<group>";
		};
		4A76F7B31CF8669E00977837 /* LaunchScreen.storyboard */ = {
			isa = PBXVariantGroup;
			children = (
				4A76F7B41CF8669E00977837 /* Base */,
			);
			name = LaunchScreen.storyboard;
			sourceTree = "<group>";
		};
/* End PBXVariantGroup section */

/* Begin XCBuildConfiguration section */
		4A76F7CD1CF8669E00977837 /* Debug */ = {
			isa = XCBuildConfiguration;
			buildSettings = {
				ALWAYS_SEARCH_USER_PATHS = NO;
				CLANG_CXX_LANGUAGE_STANDARD = "gnu++0x";
				CLANG_CXX_LIBRARY = "libc++";
				CLANG_ENABLE_MODULES = YES;
				CLANG_ENABLE_OBJC_ARC = YES;
				CLANG_WARN_BOOL_CONVERSION = YES;
				CLANG_WARN_CONSTANT_CONVERSION = YES;
				CLANG_WARN_DIRECT_OBJC_ISA_USAGE = YES_ERROR;
				CLANG_WARN_EMPTY_BODY = YES;
				CLANG_WARN_ENUM_CONVERSION = YES;
				CLANG_WARN_INT_CONVERSION = YES;
				CLANG_WARN_OBJC_ROOT_CLASS = YES_ERROR;
				CLANG_WARN_UNREACHABLE_CODE = YES;
				CLANG_WARN__DUPLICATE_METHOD_MATCH = YES;
				"CODE_SIGN_IDENTITY[sdk=iphoneos*]" = "iPhone Developer";
				COPY_PHASE_STRIP = NO;
				DEBUG_INFORMATION_FORMAT = dwarf;
				ENABLE_STRICT_OBJC_MSGSEND = YES;
				ENABLE_TESTABILITY = YES;
				GCC_C_LANGUAGE_STANDARD = gnu99;
				GCC_DYNAMIC_NO_PIC = NO;
				GCC_NO_COMMON_BLOCKS = YES;
				GCC_OPTIMIZATION_LEVEL = 0;
				GCC_PREPROCESSOR_DEFINITIONS = (
					"DEBUG=1",
					"$(inherited)",
				);
				GCC_WARN_64_TO_32_BIT_CONVERSION = YES;
				GCC_WARN_ABOUT_RETURN_TYPE = YES_ERROR;
				GCC_WARN_UNDECLARED_SELECTOR = YES;
				GCC_WARN_UNINITIALIZED_AUTOS = YES_AGGRESSIVE;
				GCC_WARN_UNUSED_FUNCTION = YES;
				GCC_WARN_UNUSED_VARIABLE = YES;
				IPHONEOS_DEPLOYMENT_TARGET = 9.2;
				MTL_ENABLE_DEBUG_INFO = YES;
				ONLY_ACTIVE_ARCH = YES;
				SDKROOT = iphoneos;
				SWIFT_OPTIMIZATION_LEVEL = "-Onone";
				TARGETED_DEVICE_FAMILY = "1,2";
			};
			name = Debug;
		};
		4A76F7CE1CF8669E00977837 /* Release */ = {
			isa = XCBuildConfiguration;
			buildSettings = {
				ALWAYS_SEARCH_USER_PATHS = NO;
				CLANG_CXX_LANGUAGE_STANDARD = "gnu++0x";
				CLANG_CXX_LIBRARY = "libc++";
				CLANG_ENABLE_MODULES = YES;
				CLANG_ENABLE_OBJC_ARC = YES;
				CLANG_WARN_BOOL_CONVERSION = YES;
				CLANG_WARN_CONSTANT_CONVERSION = YES;
				CLANG_WARN_DIRECT_OBJC_ISA_USAGE = YES_ERROR;
				CLANG_WARN_EMPTY_BODY = YES;
				CLANG_WARN_ENUM_CONVERSION = YES;
				CLANG_WARN_INT_CONVERSION = YES;
				CLANG_WARN_OBJC_ROOT_CLASS = YES_ERROR;
				CLANG_WARN_UNREACHABLE_CODE = YES;
				CLANG_WARN__DUPLICATE_METHOD_MATCH = YES;
				"CODE_SIGN_IDENTITY[sdk=iphoneos*]" = "iPhone Developer";
				COPY_PHASE_STRIP = NO;
				DEBUG_INFORMATION_FORMAT = "dwarf-with-dsym";
				ENABLE_NS_ASSERTIONS = NO;
				ENABLE_STRICT_OBJC_MSGSEND = YES;
				GCC_C_LANGUAGE_STANDARD = gnu99;
				GCC_NO_COMMON_BLOCKS = YES;
				GCC_WARN_64_TO_32_BIT_CONVERSION = YES;
				GCC_WARN_ABOUT_RETURN_TYPE = YES_ERROR;
				GCC_WARN_UNDECLARED_SELECTOR = YES;
				GCC_WARN_UNINITIALIZED_AUTOS = YES_AGGRESSIVE;
				GCC_WARN_UNUSED_FUNCTION = YES;
				GCC_WARN_UNUSED_VARIABLE = YES;
				IPHONEOS_DEPLOYMENT_TARGET = 9.2;
				MTL_ENABLE_DEBUG_INFO = NO;
				SDKROOT = iphoneos;
				TARGETED_DEVICE_FAMILY = "1,2";
				VALIDATE_PRODUCT = YES;
			};
			name = Release;
		};
		4A76F7D01CF8669E00977837 /* Debug */ = {
			isa = XCBuildConfiguration;
			buildSettings = {
				ASSETCATALOG_COMPILER_APPICON_NAME = AppIcon;
				INFOPLIST_FILE = AVCustomPickerViewFramework/Info.plist;
				LD_RUNPATH_SEARCH_PATHS = "$(inherited) @executable_path/Frameworks";
				PRODUCT_BUNDLE_IDENTIFIER = com.mobilewits.AVCustomPickerViewFramework;
				PRODUCT_NAME = "$(TARGET_NAME)";
			};
			name = Debug;
		};
		4A76F7D11CF8669E00977837 /* Release */ = {
			isa = XCBuildConfiguration;
			buildSettings = {
				ASSETCATALOG_COMPILER_APPICON_NAME = AppIcon;
				INFOPLIST_FILE = AVCustomPickerViewFramework/Info.plist;
				LD_RUNPATH_SEARCH_PATHS = "$(inherited) @executable_path/Frameworks";
				PRODUCT_BUNDLE_IDENTIFIER = com.mobilewits.AVCustomPickerViewFramework;
				PRODUCT_NAME = "$(TARGET_NAME)";
			};
			name = Release;
		};
		4A76F7D31CF8669E00977837 /* Debug */ = {
			isa = XCBuildConfiguration;
			buildSettings = {
				BUNDLE_LOADER = "$(TEST_HOST)";
				INFOPLIST_FILE = AVCustomPickerViewFrameworkTests/Info.plist;
				LD_RUNPATH_SEARCH_PATHS = "$(inherited) @executable_path/Frameworks @loader_path/Frameworks";
				PRODUCT_BUNDLE_IDENTIFIER = com.mobilewits.AVCustomPickerViewFrameworkTests;
				PRODUCT_NAME = "$(TARGET_NAME)";
				TEST_HOST = "$(BUILT_PRODUCTS_DIR)/AVCustomPickerViewFramework.app/AVCustomPickerViewFramework";
			};
			name = Debug;
		};
		4A76F7D41CF8669E00977837 /* Release */ = {
			isa = XCBuildConfiguration;
			buildSettings = {
				BUNDLE_LOADER = "$(TEST_HOST)";
				INFOPLIST_FILE = AVCustomPickerViewFrameworkTests/Info.plist;
				LD_RUNPATH_SEARCH_PATHS = "$(inherited) @executable_path/Frameworks @loader_path/Frameworks";
				PRODUCT_BUNDLE_IDENTIFIER = com.mobilewits.AVCustomPickerViewFrameworkTests;
				PRODUCT_NAME = "$(TARGET_NAME)";
				TEST_HOST = "$(BUILT_PRODUCTS_DIR)/AVCustomPickerViewFramework.app/AVCustomPickerViewFramework";
			};
			name = Release;
		};
		4A76F7D61CF8669E00977837 /* Debug */ = {
			isa = XCBuildConfiguration;
			buildSettings = {
				INFOPLIST_FILE = AVCustomPickerViewFrameworkUITests/Info.plist;
				LD_RUNPATH_SEARCH_PATHS = "$(inherited) @executable_path/Frameworks @loader_path/Frameworks";
				PRODUCT_BUNDLE_IDENTIFIER = com.mobilewits.AVCustomPickerViewFrameworkUITests;
				PRODUCT_NAME = "$(TARGET_NAME)";
				TEST_TARGET_NAME = AVCustomPickerViewFramework;
				USES_XCTRUNNER = YES;
			};
			name = Debug;
		};
		4A76F7D71CF8669E00977837 /* Release */ = {
			isa = XCBuildConfiguration;
			buildSettings = {
				INFOPLIST_FILE = AVCustomPickerViewFrameworkUITests/Info.plist;
				LD_RUNPATH_SEARCH_PATHS = "$(inherited) @executable_path/Frameworks @loader_path/Frameworks";
				PRODUCT_BUNDLE_IDENTIFIER = com.mobilewits.AVCustomPickerViewFrameworkUITests;
				PRODUCT_NAME = "$(TARGET_NAME)";
				TEST_TARGET_NAME = AVCustomPickerViewFramework;
				USES_XCTRUNNER = YES;
			};
			name = Release;
		};
/* End XCBuildConfiguration section */

/* Begin XCConfigurationList section */
		4A76F7A21CF8669E00977837 /* Build configuration list for PBXProject "AVCustomPickerViewFramework" */ = {
			isa = XCConfigurationList;
			buildConfigurations = (
				4A76F7CD1CF8669E00977837 /* Debug */,
				4A76F7CE1CF8669E00977837 /* Release */,
			);
			defaultConfigurationIsVisible = 0;
			defaultConfigurationName = Release;
		};
		4A76F7CF1CF8669E00977837 /* Build configuration list for PBXNativeTarget "AVCustomPickerViewFramework" */ = {
			isa = XCConfigurationList;
			buildConfigurations = (
				4A76F7D01CF8669E00977837 /* Debug */,
				4A76F7D11CF8669E00977837 /* Release */,
			);
			defaultConfigurationIsVisible = 0;
		};
		4A76F7D21CF8669E00977837 /* Build configuration list for PBXNativeTarget "AVCustomPickerViewFrameworkTests" */ = {
			isa = XCConfigurationList;
			buildConfigurations = (
				4A76F7D31CF8669E00977837 /* Debug */,
				4A76F7D41CF8669E00977837 /* Release */,
			);
			defaultConfigurationIsVisible = 0;
		};
		4A76F7D51CF8669E00977837 /* Build configuration list for PBXNativeTarget "AVCustomPickerViewFrameworkUITests" */ = {
			isa = XCConfigurationList;
			buildConfigurations = (
				4A76F7D61CF8669E00977837 /* Debug */,
				4A76F7D71CF8669E00977837 /* Release */,
			);
			defaultConfigurationIsVisible = 0;
		};
/* End XCConfigurationList section */
	};
	rootObject = 4A76F79F1CF8669E00977837 /* Project object */;
}
